// !$*UTF8*$!
{
	archiveVersion = 1;
	classes = {
	};
	objectVersion = 46;
	objects = {

/* Begin PBXBuildFile section */
		50B00E361BCE34340064AC8B /* EPProperty.m in Sources */ = {isa = PBXBuildFile; fileRef = 50B00E331BCE34340064AC8B /* EPProperty.m */; };
		50B00E371BCE34340064AC8B /* EPStringGenerator.m in Sources */ = {isa = PBXBuildFile; fileRef = 50B00E351BCE34340064AC8B /* EPStringGenerator.m */; };
		50B00E411BCE343D0064AC8B /* EPTextResult.m in Sources */ = {isa = PBXBuildFile; fileRef = 50B00E3A1BCE343D0064AC8B /* EPTextResult.m */; };
		50B00E421BCE343D0064AC8B /* NSString+EPTextGetter.m in Sources */ = {isa = PBXBuildFile; fileRef = 50B00E3D1BCE343D0064AC8B /* NSString+EPTextGetter.m */; };
		50B00E431BCE343D0064AC8B /* NSTextView+EPTextGetter.m in Sources */ = {isa = PBXBuildFile; fileRef = 50B00E401BCE343D0064AC8B /* NSTextView+EPTextGetter.m */; };
/* End PBXBuildFile section */

/* Begin PBXFileReference section */
		50B00E081BCB55FC0064AC8B /* EasyProperty.xcplugin */ = {isa = PBXFileReference; explicitFileType = wrapper.cfbundle; includeInIndex = 0; path = EasyProperty.xcplugin; sourceTree = BUILT_PRODUCTS_DIR; };
		50B00E0B1BCB55FC0064AC8B /* Info.plist */ = {isa = PBXFileReference; lastKnownFileType = text.plist.xml; path = Info.plist; sourceTree = "<group>"; };
		50B00E321BCE34340064AC8B /* EPProperty.h */ = {isa = PBXFileReference; fileEncoding = 4; lastKnownFileType = sourcecode.c.h; path = EPProperty.h; sourceTree = "<group>"; };
		50B00E331BCE34340064AC8B /* EPProperty.m */ = {isa = PBXFileReference; fileEncoding = 4; lastKnownFileType = sourcecode.c.objc; path = EPProperty.m; sourceTree = "<group>"; };
		50B00E341BCE34340064AC8B /* EPStringGenerator.h */ = {isa = PBXFileReference; fileEncoding = 4; lastKnownFileType = sourcecode.c.h; path = EPStringGenerator.h; sourceTree = "<group>"; };
		50B00E351BCE34340064AC8B /* EPStringGenerator.m */ = {isa = PBXFileReference; fileEncoding = 4; lastKnownFileType = sourcecode.c.objc; path = EPStringGenerator.m; sourceTree = "<group>"; };
		50B00E391BCE343D0064AC8B /* EPTextResult.h */ = {isa = PBXFileReference; fileEncoding = 4; lastKnownFileType = sourcecode.c.h; path = EPTextResult.h; sourceTree = "<group>"; };
		50B00E3A1BCE343D0064AC8B /* EPTextResult.m */ = {isa = PBXFileReference; fileEncoding = 4; lastKnownFileType = sourcecode.c.objc; path = EPTextResult.m; sourceTree = "<group>"; };
		50B00E3C1BCE343D0064AC8B /* NSString+EPTextGetter.h */ = {isa = PBXFileReference; fileEncoding = 4; lastKnownFileType = sourcecode.c.h; path = "NSString+EPTextGetter.h"; sourceTree = "<group>"; };
		50B00E3D1BCE343D0064AC8B /* NSString+EPTextGetter.m */ = {isa = PBXFileReference; fileEncoding = 4; lastKnownFileType = sourcecode.c.objc; path = "NSString+EPTextGetter.m"; sourceTree = "<group>"; };
		50B00E3F1BCE343D0064AC8B /* NSTextView+EPTextGetter.h */ = {isa = PBXFileReference; fileEncoding = 4; lastKnownFileType = sourcecode.c.h; path = "NSTextView+EPTextGetter.h"; sourceTree = "<group>"; };
		50B00E401BCE343D0064AC8B /* NSTextView+EPTextGetter.m */ = {isa = PBXFileReference; fileEncoding = 4; lastKnownFileType = sourcecode.c.objc; path = "NSTextView+EPTextGetter.m"; sourceTree = "<group>"; };
/* End PBXFileReference section */

/* Begin PBXFrameworksBuildPhase section */
		50B00E051BCB55FC0064AC8B /* Frameworks */ = {
			isa = PBXFrameworksBuildPhase;
			buildActionMask = 2147483647;
			files = (
			);
			runOnlyForDeploymentPostprocessing = 0;
		};
/* End PBXFrameworksBuildPhase section */

/* Begin PBXGroup section */
		50B00DFF1BCB55FC0064AC8B = {
			isa = PBXGroup;
			children = (
				50B00E381BCE343D0064AC8B /* Category */,
				50B00E0A1BCB55FC0064AC8B /* EasyProperty */,
				50B00E091BCB55FC0064AC8B /* Products */,
			);
			sourceTree = "<group>";
		};
		50B00E091BCB55FC0064AC8B /* Products */ = {
			isa = PBXGroup;
			children = (
				50B00E081BCB55FC0064AC8B /* EasyProperty.xcplugin */,
			);
			name = Products;
			sourceTree = "<group>";
		};
		50B00E0A1BCB55FC0064AC8B /* EasyProperty */ = {
			isa = PBXGroup;
			children = (
				50B00E321BCE34340064AC8B /* EPProperty.h */,
				50B00E331BCE34340064AC8B /* EPProperty.m */,
				50B00E341BCE34340064AC8B /* EPStringGenerator.h */,
				50B00E351BCE34340064AC8B /* EPStringGenerator.m */,
				50B00E0B1BCB55FC0064AC8B /* Info.plist */,
			);
			path = EasyProperty;
			sourceTree = "<group>";
		};
		50B00E381BCE343D0064AC8B /* Category */ = {
			isa = PBXGroup;
			children = (
				50B00E3B1BCE343D0064AC8B /* NSString */,
				50B00E3E1BCE343D0064AC8B /* NSTextView */,
				50B00E391BCE343D0064AC8B /* EPTextResult.h */,
				50B00E3A1BCE343D0064AC8B /* EPTextResult.m */,
			);
			path = Category;
			sourceTree = "<group>";
		};
		50B00E3B1BCE343D0064AC8B /* NSString */ = {
			isa = PBXGroup;
			children = (
				50B00E3C1BCE343D0064AC8B /* NSString+EPTextGetter.h */,
				50B00E3D1BCE343D0064AC8B /* NSString+EPTextGetter.m */,
			);
			path = NSString;
			sourceTree = "<group>";
		};
		50B00E3E1BCE343D0064AC8B /* NSTextView */ = {
			isa = PBXGroup;
			children = (
				50B00E3F1BCE343D0064AC8B /* NSTextView+EPTextGetter.h */,
				50B00E401BCE343D0064AC8B /* NSTextView+EPTextGetter.m */,
			);
			path = NSTextView;
			sourceTree = "<group>";
		};
/* End PBXGroup section */

/* Begin PBXNativeTarget section */
		50B00E071BCB55FC0064AC8B /* EasyProperty */ = {
			isa = PBXNativeTarget;
			buildConfigurationList = 50B00E0E1BCB55FC0064AC8B /* Build configuration list for PBXNativeTarget "EasyProperty" */;
			buildPhases = (
				50B00E041BCB55FC0064AC8B /* Sources */,
				50B00E051BCB55FC0064AC8B /* Frameworks */,
				50B00E061BCB55FC0064AC8B /* Resources */,
			);
			buildRules = (
			);
			dependencies = (
			);
			name = EasyProperty;
			productName = EasyProperty;
			productReference = 50B00E081BCB55FC0064AC8B /* EasyProperty.xcplugin */;
			productType = "com.apple.product-type.bundle";
		};
/* End PBXNativeTarget section */

/* Begin PBXProject section */
		50B00E001BCB55FC0064AC8B /* Project object */ = {
			isa = PBXProject;
			attributes = {
				LastUpgradeCheck = 0700;
				ORGANIZATIONNAME = flicker317;
				TargetAttributes = {
					50B00E071BCB55FC0064AC8B = {
						CreatedOnToolsVersion = 7.0;
					};
				};
			};
			buildConfigurationList = 50B00E031BCB55FC0064AC8B /* Build configuration list for PBXProject "EasyProperty" */;
			compatibilityVersion = "Xcode 3.2";
			developmentRegion = English;
			hasScannedForEncodings = 0;
			knownRegions = (
				en,
			);
			mainGroup = 50B00DFF1BCB55FC0064AC8B;
			productRefGroup = 50B00E091BCB55FC0064AC8B /* Products */;
			projectDirPath = "";
			projectRoot = "";
			targets = (
				50B00E071BCB55FC0064AC8B /* EasyProperty */,
			);
		};
/* End PBXProject section */

/* Begin PBXResourcesBuildPhase section */
		50B00E061BCB55FC0064AC8B /* Resources */ = {
			isa = PBXResourcesBuildPhase;
			buildActionMask = 2147483647;
			files = (
			);
			runOnlyForDeploymentPostprocessing = 0;
		};
/* End PBXResourcesBuildPhase section */

/* Begin PBXSourcesBuildPhase section */
		50B00E041BCB55FC0064AC8B /* Sources */ = {
			isa = PBXSourcesBuildPhase;
			buildActionMask = 2147483647;
			files = (
				50B00E431BCE343D0064AC8B /* NSTextView+EPTextGetter.m in Sources */,
				50B00E361BCE34340064AC8B /* EPProperty.m in Sources */,
				50B00E411BCE343D0064AC8B /* EPTextResult.m in Sources */,
				50B00E421BCE343D0064AC8B /* NSString+EPTextGetter.m in Sources */,
				50B00E371BCE34340064AC8B /* EPStringGenerator.m in Sources */,
			);
			runOnlyForDeploymentPostprocessing = 0;
		};
/* End PBXSourcesBuildPhase section */

/* Begin XCBuildConfiguration section */
		50B00E0C1BCB55FC0064AC8B /* Debug */ = {
			isa = XCBuildConfiguration;
			buildSettings = {
				ALWAYS_SEARCH_USER_PATHS = NO;
				CLANG_CXX_LANGUAGE_STANDARD = "gnu++0x";
				CLANG_CXX_LIBRARY = "libc++";
				CLANG_ENABLE_MODULES = YES;
				CLANG_ENABLE_OBJC_ARC = YES;
				CLANG_WARN_BOOL_CONVERSION = YES;
				CLANG_WARN_CONSTANT_CONVERSION = YES;
				CLANG_WARN_DIRECT_OBJC_ISA_USAGE = YES_ERROR;
				CLANG_WARN_EMPTY_BODY = YES;
				CLANG_WARN_ENUM_CONVERSION = YES;
				CLANG_WARN_INT_CONVERSION = YES;
				CLANG_WARN_OBJC_ROOT_CLASS = YES_ERROR;
				CLANG_WARN_UNREACHABLE_CODE = YES;
				CLANG_WARN__DUPLICATE_METHOD_MATCH = YES;
				COPY_PHASE_STRIP = NO;
				DEBUG_INFORMATION_FORMAT = dwarf;
				ENABLE_STRICT_OBJC_MSGSEND = YES;
				ENABLE_TESTABILITY = YES;
				GCC_C_LANGUAGE_STANDARD = gnu99;
				GCC_DYNAMIC_NO_PIC = NO;
				GCC_NO_COMMON_BLOCKS = YES;
				GCC_OPTIMIZATION_LEVEL = 0;
				GCC_PREPROCESSOR_DEFINITIONS = (
					"DEBUG=1",
					"$(inherited)",
				);
				GCC_WARN_64_TO_32_BIT_CONVERSION = YES;
				GCC_WARN_ABOUT_RETURN_TYPE = YES_ERROR;
				GCC_WARN_UNDECLARED_SELECTOR = YES;
				GCC_WARN_UNINITIALIZED_AUTOS = YES_AGGRESSIVE;
				GCC_WARN_UNUSED_FUNCTION = YES;
				GCC_WARN_UNUSED_VARIABLE = YES;
				MACOSX_DEPLOYMENT_TARGET = 10.10;
				MTL_ENABLE_DEBUG_INFO = YES;
				ONLY_ACTIVE_ARCH = YES;
				SDKROOT = macosx;
			};
			name = Debug;
		};
		50B00E0D1BCB55FC0064AC8B /* Release */ = {
			isa = XCBuildConfiguration;
			buildSettings = {
				ALWAYS_SEARCH_USER_PATHS = NO;
				CLANG_CXX_LANGUAGE_STANDARD = "gnu++0x";
				CLANG_CXX_LIBRARY = "libc++";
				CLANG_ENABLE_MODULES = YES;
				CLANG_ENABLE_OBJC_ARC = YES;
				CLANG_WARN_BOOL_CONVERSION = YES;
				CLANG_WARN_CONSTANT_CONVERSION = YES;
				CLANG_WARN_DIRECT_OBJC_ISA_USAGE = YES_ERROR;
				CLANG_WARN_EMPTY_BODY = YES;
				CLANG_WARN_ENUM_CONVERSION = YES;
				CLANG_WARN_INT_CONVERSION = YES;
				CLANG_WARN_OBJC_ROOT_CLASS = YES_ERROR;
				CLANG_WARN_UNREACHABLE_CODE = YES;
				CLANG_WARN__DUPLICATE_METHOD_MATCH = YES;
				COPY_PHASE_STRIP = NO;
				DEBUG_INFORMATION_FORMAT = "dwarf-with-dsym";
				ENABLE_NS_ASSERTIONS = NO;
				ENABLE_STRICT_OBJC_MSGSEND = YES;
				GCC_C_LANGUAGE_STANDARD = gnu99;
				GCC_NO_COMMON_BLOCKS = YES;
				GCC_WARN_64_TO_32_BIT_CONVERSION = YES;
				GCC_WARN_ABOUT_RETURN_TYPE = YES_ERROR;
				GCC_WARN_UNDECLARED_SELECTOR = YES;
				GCC_WARN_UNINITIALIZED_AUTOS = YES_AGGRESSIVE;
				GCC_WARN_UNUSED_FUNCTION = YES;
				GCC_WARN_UNUSED_VARIABLE = YES;
				MACOSX_DEPLOYMENT_TARGET = 10.10;
				MTL_ENABLE_DEBUG_INFO = NO;
				SDKROOT = macosx;
			};
			name = Release;
		};
		50B00E0F1BCB55FC0064AC8B /* Debug */ = {
			isa = XCBuildConfiguration;
			buildSettings = {
				COMBINE_HIDPI_IMAGES = YES;
				DEPLOYMENT_LOCATION = YES;
				DSTROOT = "${HOME}";
				INFOPLIST_FILE = EasyProperty/Info.plist;
				INSTALL_PATH = "/Library/Application Support/Developer/Shared/Xcode/Plug-ins";
				PRODUCT_BUNDLE_IDENTIFIER = com.flicker317.EasyProperty;
				PRODUCT_NAME = "$(TARGET_NAME)";
				SKIP_INSTALL = NO;
				STRIP_INSTALLED_PRODUCT = NO;
				WRAPPER_EXTENSION = xcplugin;
			};
			name = Debug;
		};
		50B00E101BCB55FC0064AC8B /* Release */ = {
			isa = XCBuildConfiguration;
			buildSettings = {
				COMBINE_HIDPI_IMAGES = YES;
				DEPLOYMENT_LOCATION = YES;
				DSTROOT = "${HOME}";
				INFOPLIST_FILE = EasyProperty/Info.plist;
				INSTALL_PATH = "/Library/Application Support/Developer/Shared/Xcode/Plug-ins";
				PRODUCT_BUNDLE_IDENTIFIER = com.flicker317.EasyProperty;
				PRODUCT_NAME = "$(TARGET_NAME)";
				SKIP_INSTALL = NO;
				STRIP_INSTALLED_PRODUCT = NO;
				WRAPPER_EXTENSION = xcplugin;
			};
			name = Release;
		};
/* End XCBuildConfiguration section */

/* Begin XCConfigurationList section */
		50B00E031BCB55FC0064AC8B /* Build configuration list for PBXProject "EasyProperty" */ = {
			isa = XCConfigurationList;
			buildConfigurations = (
				50B00E0C1BCB55FC0064AC8B /* Debug */,
				50B00E0D1BCB55FC0064AC8B /* Release */,
			);
			defaultConfigurationIsVisible = 0;
			defaultConfigurationName = Release;
		};
		50B00E0E1BCB55FC0064AC8B /* Build configuration list for PBXNativeTarget "EasyProperty" */ = {
			isa = XCConfigurationList;
			buildConfigurations = (
				50B00E0F1BCB55FC0064AC8B /* Debug */,
				50B00E101BCB55FC0064AC8B /* Release */,
			);
			defaultConfigurationIsVisible = 0;
			defaultConfigurationName = Release;
		};
/* End XCConfigurationList section */
	};
	rootObject = 50B00E001BCB55FC0064AC8B /* Project object */;
}
